
Microsoft Visual Studio Solution File, Format Version 12.00
# Visual Studio Version 16
VisualStudioVersion = 16.0.29519.87
MinimumVisualStudioVersion = 10.0.40219.1
Project("{2150E333-8FDC-42A3-9474-1A3956D46DE8}") = "1.Libraries", "1.Libraries", "{08717D0A-FCE8-4DA2-B0B9-9DF575CC9C1A}"
EndProject
Project("{2150E333-8FDC-42A3-9474-1A3956D46DE8}") = "2.Presentation", "2.Presentation", "{1A5FBB38-8939-4993-8BF7-3FFFB50A1F88}"
EndProject
Project("{FAE04EC0-301F-11D3-BF4B-00C04F79EFBC}") = "TsBlog.Domain", "src\Libraries\TsBlog.Domain\TsBlog.Domain.csproj", "{9E5C7176-8112-416E-8624-0EC8B86670E6}"
EndProject
Project("{FAE04EC0-301F-11D3-BF4B-00C04F79EFBC}") = "TsBlog.Repositories", "src\Libraries\TsBlog.Repositories\TsBlog.Repositories.csproj", "{3193939C-5136-432E-AA06-CC609C18BDC9}"
EndProject
Project("{FAE04EC0-301F-11D3-BF4B-00C04F79EFBC}") = "TsBlog.Frontend", "src\Presentation\TsBlog.Frontend\TsBlog.Frontend.csproj", "{2B0F1A1F-3321-49FA-B676-F507135CFB3A}"
EndProject
Global
	GlobalSection(SolutionConfigurationPlatforms) = preSolution
		Debug|Any CPU = Debug|Any CPU
		Release|Any CPU = Release|Any CPU
	EndGlobalSection
	GlobalSection(ProjectConfigurationPlatforms) = postSolution
		{9E5C7176-8112-416E-8624-0EC8B86670E6}.Debug|Any CPU.ActiveCfg = Debug|Any CPU
		{9E5C7176-8112-416E-8624-0EC8B86670E6}.Debug|Any CPU.Build.0 = Debug|Any CPU
		{9E5C7176-8112-416E-8624-0EC8B86670E6}.Release|Any CPU.ActiveCfg = Release|Any CPU
		{9E5C7176-8112-416E-8624-0EC8B86670E6}.Release|Any CPU.Build.0 = Release|Any CPU
		{3193939C-5136-432E-AA06-CC609C18BDC9}.Debug|Any CPU.ActiveCfg = Debug|Any CPU
		{3193939C-5136-432E-AA06-CC609C18BDC9}.Debug|Any CPU.Build.0 = Debug|Any CPU
		{3193939C-5136-432E-AA06-CC609C18BDC9}.Release|Any CPU.ActiveCfg = Release|Any CPU
		{3193939C-5136-432E-AA06-CC609C18BDC9}.Release|Any CPU.Build.0 = Release|Any CPU
		{2B0F1A1F-3321-49FA-B676-F507135CFB3A}.Debug|Any CPU.ActiveCfg = Debug|Any CPU
		{2B0F1A1F-3321-49FA-B676-F507135CFB3A}.Debug|Any CPU.Build.0 = Debug|Any CPU
		{2B0F1A1F-3321-49FA-B676-F507135CFB3A}.Release|Any CPU.ActiveCfg = Release|Any CPU
		{2B0F1A1F-3321-49FA-B676-F507135CFB3A}.Release|Any CPU.Build.0 = Release|Any CPU
	EndGlobalSection
	GlobalSection(SolutionProperties) = preSolution
		HideSolutionNode = FALSE
	EndGlobalSection
	GlobalSection(NestedProjects) = preSolution
		{9E5C7176-8112-416E-8624-0EC8B86670E6} = {08717D0A-FCE8-4DA2-B0B9-9DF575CC9C1A}
		{3193939C-5136-432E-AA06-CC609C18BDC9} = {08717D0A-FCE8-4DA2-B0B9-9DF575CC9C1A}
		{2B0F1A1F-3321-49FA-B676-F507135CFB3A} = {1A5FBB38-8939-4993-8BF7-3FFFB50A1F88}
	EndGlobalSection
	GlobalSection(ExtensibilityGlobals) = postSolution
		SolutionGuid = {7D078AC6-87F9-4246-9D86-A15C73B713FA}
	EndGlobalSection
EndGlobal
